
Microsoft Visual Studio Solution File, Format Version 12.00
# Visual Studio Version 16
VisualStudioVersion = 16.0.32901.82
MinimumVisualStudioVersion = 10.0.40219.1
Project("{9A19103F-16F7-4668-BE54-9A1E7A4F7556}") = "Test", "Test\Test.csproj", "{DED8C819-D76E-4883-B118-4796E485726C}"
EndProject
Project("{9A19103F-16F7-4668-BE54-9A1E7A4F7556}") = "BuscaminasLib", "BuscaminasLib\BuscaminasLib.csproj", "{331A1598-A7B8-418B-A716-50FC7C9F20D7}"
EndProject
Project("{9A19103F-16F7-4668-BE54-9A1E7A4F7556}") = "Luisbreria", "Luisbreria\Luisbreria.csproj", "{1C7A9D1F-976E-408C-A338-D26C9F5A5C72}"
EndProject
Global
	GlobalSection(SolutionConfigurationPlatforms) = preSolution
		Debug|Any CPU = Debug|Any CPU
		Release|Any CPU = Release|Any CPU
	EndGlobalSection
	GlobalSection(ProjectConfigurationPlatforms) = postSolution
		{DED8C819-D76E-4883-B118-4796E485726C}.Debug|Any CPU.ActiveCfg = Debug|Any CPU
		{DED8C819-D76E-4883-B118-4796E485726C}.Debug|Any CPU.Build.0 = Debug|Any CPU
		{DED8C819-D76E-4883-B118-4796E485726C}.Release|Any CPU.ActiveCfg = Release|Any CPU
		{DED8C819-D76E-4883-B118-4796E485726C}.Release|Any CPU.Build.0 = Release|Any CPU
		{331A1598-A7B8-418B-A716-50FC7C9F20D7}.Debug|Any CPU.ActiveCfg = Debug|Any CPU
		{331A1598-A7B8-418B-A716-50FC7C9F20D7}.Debug|Any CPU.Build.0 = Debug|Any CPU
		{331A1598-A7B8-418B-A716-50FC7C9F20D7}.Release|Any CPU.ActiveCfg = Release|Any CPU
		{331A1598-A7B8-418B-A716-50FC7C9F20D7}.Release|Any CPU.Build.0 = Release|Any CPU
		{1C7A9D1F-976E-408C-A338-D26C9F5A5C72}.Debug|Any CPU.ActiveCfg = Debug|Any CPU
		{1C7A9D1F-976E-408C-A338-D26C9F5A5C72}.Debug|Any CPU.Build.0 = Debug|Any CPU
		{1C7A9D1F-976E-408C-A338-D26C9F5A5C72}.Release|Any CPU.ActiveCfg = Release|Any CPU
		{1C7A9D1F-976E-408C-A338-D26C9F5A5C72}.Release|Any CPU.Build.0 = Release|Any CPU
	EndGlobalSection
	GlobalSection(SolutionProperties) = preSolution
		HideSolutionNode = FALSE
	EndGlobalSection
	GlobalSection(ExtensibilityGlobals) = postSolution
		SolutionGuid = {BE1D8CF1-7E48-4B70-AC16-4E1FBFF50872}
	EndGlobalSection
EndGlobal
