
Microsoft Visual Studio Solution File, Format Version 12.00
# Visual Studio Version 17
VisualStudioVersion = 17.3.32901.215
MinimumVisualStudioVersion = 10.0.40219.1
Project("{FAE04EC0-301F-11D3-BF4B-00C04F79EFBC}") = "Prueba 1", "Prueba 1\Prueba 1.csproj", "{CE4EBCDE-5F0B-4BDC-B199-22C59EB30C12}"
EndProject
Global
	GlobalSection(SolutionConfigurationPlatforms) = preSolution
		Debug|Any CPU = Debug|Any CPU
		Release|Any CPU = Release|Any CPU
	EndGlobalSection
	GlobalSection(ProjectConfigurationPlatforms) = postSolution
		{CE4EBCDE-5F0B-4BDC-B199-22C59EB30C12}.Debug|Any CPU.ActiveCfg = Debug|Any CPU
		{CE4EBCDE-5F0B-4BDC-B199-22C59EB30C12}.Debug|Any CPU.Build.0 = Debug|Any CPU
		{CE4EBCDE-5F0B-4BDC-B199-22C59EB30C12}.Release|Any CPU.ActiveCfg = Release|Any CPU
		{CE4EBCDE-5F0B-4BDC-B199-22C59EB30C12}.Release|Any CPU.Build.0 = Release|Any CPU
	EndGlobalSection
	GlobalSection(SolutionProperties) = preSolution
		HideSolutionNode = FALSE
	EndGlobalSection
	GlobalSection(ExtensibilityGlobals) = postSolution
		SolutionGuid = {61426C5B-5931-4A2A-9C38-EE9A8D01CA02}
	EndGlobalSection
EndGlobal
