
Microsoft Visual Studio Solution File, Format Version 12.00
# Visual Studio Version 17
VisualStudioVersion = 17.3.32901.215
MinimumVisualStudioVersion = 10.0.40219.1
Project("{FAE04EC0-301F-11D3-BF4B-00C04F79EFBC}") = "API", "API\API.csproj", "{E82C790B-E7D9-4247-90C7-3282E874F7CF}"
EndProject
Global
	GlobalSection(SolutionConfigurationPlatforms) = preSolution
		Debug|Any CPU = Debug|Any CPU
		Release|Any CPU = Release|Any CPU
	EndGlobalSection
	GlobalSection(ProjectConfigurationPlatforms) = postSolution
		{E82C790B-E7D9-4247-90C7-3282E874F7CF}.Debug|Any CPU.ActiveCfg = Debug|Any CPU
		{E82C790B-E7D9-4247-90C7-3282E874F7CF}.Debug|Any CPU.Build.0 = Debug|Any CPU
		{E82C790B-E7D9-4247-90C7-3282E874F7CF}.Release|Any CPU.ActiveCfg = Release|Any CPU
		{E82C790B-E7D9-4247-90C7-3282E874F7CF}.Release|Any CPU.Build.0 = Release|Any CPU
	EndGlobalSection
	GlobalSection(SolutionProperties) = preSolution
		HideSolutionNode = FALSE
	EndGlobalSection
	GlobalSection(ExtensibilityGlobals) = postSolution
		SolutionGuid = {99005F56-F97A-44DF-B2BB-948FC3864B19}
	EndGlobalSection
EndGlobal
