
Microsoft Visual Studio Solution File, Format Version 12.00
# Visual Studio Version 17
VisualStudioVersion = 17.3.32901.215
MinimumVisualStudioVersion = 10.0.40219.1
Project("{9A19103F-16F7-4668-BE54-9A1E7A4F7556}") = "ChessLib", "ChessLib\ChessLib.csproj", "{EB8E4B93-7508-4E13-A9B3-D91FBC0CB0FB}"
EndProject
Project("{9A19103F-16F7-4668-BE54-9A1E7A4F7556}") = "ChessTest", "ChessTest\ChessTest.csproj", "{79231834-F1FB-4B8E-80B5-19D560068DEE}"
EndProject
Project("{FAE04EC0-301F-11D3-BF4B-00C04F79EFBC}") = "ChessGame", "ChessGame\ChessGame.csproj", "{47AA23BD-FF7D-48FB-A5CA-9A1754570194}"
EndProject
Global
	GlobalSection(SolutionConfigurationPlatforms) = preSolution
		Debug|Any CPU = Debug|Any CPU
		Release|Any CPU = Release|Any CPU
	EndGlobalSection
	GlobalSection(ProjectConfigurationPlatforms) = postSolution
		{EB8E4B93-7508-4E13-A9B3-D91FBC0CB0FB}.Debug|Any CPU.ActiveCfg = Debug|Any CPU
		{EB8E4B93-7508-4E13-A9B3-D91FBC0CB0FB}.Debug|Any CPU.Build.0 = Debug|Any CPU
		{EB8E4B93-7508-4E13-A9B3-D91FBC0CB0FB}.Release|Any CPU.ActiveCfg = Release|Any CPU
		{EB8E4B93-7508-4E13-A9B3-D91FBC0CB0FB}.Release|Any CPU.Build.0 = Release|Any CPU
		{79231834-F1FB-4B8E-80B5-19D560068DEE}.Debug|Any CPU.ActiveCfg = Debug|Any CPU
		{79231834-F1FB-4B8E-80B5-19D560068DEE}.Debug|Any CPU.Build.0 = Debug|Any CPU
		{79231834-F1FB-4B8E-80B5-19D560068DEE}.Release|Any CPU.ActiveCfg = Release|Any CPU
		{79231834-F1FB-4B8E-80B5-19D560068DEE}.Release|Any CPU.Build.0 = Release|Any CPU
		{47AA23BD-FF7D-48FB-A5CA-9A1754570194}.Debug|Any CPU.ActiveCfg = Debug|Any CPU
		{47AA23BD-FF7D-48FB-A5CA-9A1754570194}.Debug|Any CPU.Build.0 = Debug|Any CPU
		{47AA23BD-FF7D-48FB-A5CA-9A1754570194}.Release|Any CPU.ActiveCfg = Release|Any CPU
		{47AA23BD-FF7D-48FB-A5CA-9A1754570194}.Release|Any CPU.Build.0 = Release|Any CPU
	EndGlobalSection
	GlobalSection(SolutionProperties) = preSolution
		HideSolutionNode = FALSE
	EndGlobalSection
	GlobalSection(ExtensibilityGlobals) = postSolution
		SolutionGuid = {822DCD8E-9BB9-4C4F-862B-A17A3D1FF283}
	EndGlobalSection
EndGlobal
