
Microsoft Visual Studio Solution File, Format Version 12.00
# Visual Studio Version 17
VisualStudioVersion = 17.3.32901.215
MinimumVisualStudioVersion = 10.0.40219.1
Project("{FAE04EC0-301F-11D3-BF4B-00C04F79EFBC}") = "WPFTest", "WPFTest\WPFTest.csproj", "{2F2B924A-9872-4FDB-98F1-8282418B41C6}"
EndProject
Project("{FAE04EC0-301F-11D3-BF4B-00C04F79EFBC}") = "TestModel", "TestModel\TestModel.csproj", "{FD9D8CF9-CCF6-4128-A235-606CCFF819F7}"
EndProject
Project("{FAE04EC0-301F-11D3-BF4B-00C04F79EFBC}") = "UnitTests", "UnitTests\UnitTests.csproj", "{22F44D0A-8D77-4F43-817B-EBBFDC2F6CC0}"
EndProject
Global
	GlobalSection(SolutionConfigurationPlatforms) = preSolution
		Debug|Any CPU = Debug|Any CPU
		Release|Any CPU = Release|Any CPU
	EndGlobalSection
	GlobalSection(ProjectConfigurationPlatforms) = postSolution
		{2F2B924A-9872-4FDB-98F1-8282418B41C6}.Debug|Any CPU.ActiveCfg = Debug|Any CPU
		{2F2B924A-9872-4FDB-98F1-8282418B41C6}.Debug|Any CPU.Build.0 = Debug|Any CPU
		{2F2B924A-9872-4FDB-98F1-8282418B41C6}.Release|Any CPU.ActiveCfg = Release|Any CPU
		{2F2B924A-9872-4FDB-98F1-8282418B41C6}.Release|Any CPU.Build.0 = Release|Any CPU
		{FD9D8CF9-CCF6-4128-A235-606CCFF819F7}.Debug|Any CPU.ActiveCfg = Debug|Any CPU
		{FD9D8CF9-CCF6-4128-A235-606CCFF819F7}.Debug|Any CPU.Build.0 = Debug|Any CPU
		{FD9D8CF9-CCF6-4128-A235-606CCFF819F7}.Release|Any CPU.ActiveCfg = Release|Any CPU
		{FD9D8CF9-CCF6-4128-A235-606CCFF819F7}.Release|Any CPU.Build.0 = Release|Any CPU
		{22F44D0A-8D77-4F43-817B-EBBFDC2F6CC0}.Debug|Any CPU.ActiveCfg = Debug|Any CPU
		{22F44D0A-8D77-4F43-817B-EBBFDC2F6CC0}.Debug|Any CPU.Build.0 = Debug|Any CPU
		{22F44D0A-8D77-4F43-817B-EBBFDC2F6CC0}.Release|Any CPU.ActiveCfg = Release|Any CPU
		{22F44D0A-8D77-4F43-817B-EBBFDC2F6CC0}.Release|Any CPU.Build.0 = Release|Any CPU
	EndGlobalSection
	GlobalSection(SolutionProperties) = preSolution
		HideSolutionNode = FALSE
	EndGlobalSection
	GlobalSection(ExtensibilityGlobals) = postSolution
		SolutionGuid = {0A5D73A4-EB7D-4910-BE2F-E9698A01845C}
	EndGlobalSection
EndGlobal
