
Microsoft Visual Studio Solution File, Format Version 12.00
# Visual Studio Version 17
VisualStudioVersion = 17.3.32901.215
MinimumVisualStudioVersion = 10.0.40219.1
Project("{FAE04EC0-301F-11D3-BF4B-00C04F79EFBC}") = "Project2", "Project2\Project2.csproj", "{EEA3D19A-52A8-4418-A7A1-EE50A296BF79}"
EndProject
Global
	GlobalSection(SolutionConfigurationPlatforms) = preSolution
		Debug|Any CPU = Debug|Any CPU
		Release|Any CPU = Release|Any CPU
	EndGlobalSection
	GlobalSection(ProjectConfigurationPlatforms) = postSolution
		{EEA3D19A-52A8-4418-A7A1-EE50A296BF79}.Debug|Any CPU.ActiveCfg = Debug|Any CPU
		{EEA3D19A-52A8-4418-A7A1-EE50A296BF79}.Debug|Any CPU.Build.0 = Debug|Any CPU
		{EEA3D19A-52A8-4418-A7A1-EE50A296BF79}.Release|Any CPU.ActiveCfg = Release|Any CPU
		{EEA3D19A-52A8-4418-A7A1-EE50A296BF79}.Release|Any CPU.Build.0 = Release|Any CPU
	EndGlobalSection
	GlobalSection(SolutionProperties) = preSolution
		HideSolutionNode = FALSE
	EndGlobalSection
	GlobalSection(ExtensibilityGlobals) = postSolution
		SolutionGuid = {F49ECE2A-FCF7-4C2D-8506-B354A938190E}
	EndGlobalSection
EndGlobal
