
Microsoft Visual Studio Solution File, Format Version 12.00
# Visual Studio Version 17
VisualStudioVersion = 17.3.32901.215
MinimumVisualStudioVersion = 10.0.40219.1
Project("{FAE04EC0-301F-11D3-BF4B-00C04F79EFBC}") = "Prueba lista heren", "Prueba lista heren\Prueba lista heren.csproj", "{988F2C08-0889-4DFF-A1C5-606B8D0CB254}"
EndProject
Global
	GlobalSection(SolutionConfigurationPlatforms) = preSolution
		Debug|Any CPU = Debug|Any CPU
		Release|Any CPU = Release|Any CPU
	EndGlobalSection
	GlobalSection(ProjectConfigurationPlatforms) = postSolution
		{988F2C08-0889-4DFF-A1C5-606B8D0CB254}.Debug|Any CPU.ActiveCfg = Debug|Any CPU
		{988F2C08-0889-4DFF-A1C5-606B8D0CB254}.Debug|Any CPU.Build.0 = Debug|Any CPU
		{988F2C08-0889-4DFF-A1C5-606B8D0CB254}.Release|Any CPU.ActiveCfg = Release|Any CPU
		{988F2C08-0889-4DFF-A1C5-606B8D0CB254}.Release|Any CPU.Build.0 = Release|Any CPU
	EndGlobalSection
	GlobalSection(SolutionProperties) = preSolution
		HideSolutionNode = FALSE
	EndGlobalSection
	GlobalSection(ExtensibilityGlobals) = postSolution
		SolutionGuid = {4D385DC4-D1CC-44E2-A1D9-C7123093157F}
	EndGlobalSection
EndGlobal
