
Microsoft Visual Studio Solution File, Format Version 12.00
# Visual Studio Version 17
VisualStudioVersion = 17.3.32825.248
MinimumVisualStudioVersion = 10.0.40219.1
Project("{9A19103F-16F7-4668-BE54-9A1E7A4F7556}") = "TestImage", "TestImage\TestImage.csproj", "{ECD6A62C-7A61-4B50-93DC-E046E36D16AB}"
EndProject
Global
	GlobalSection(SolutionConfigurationPlatforms) = preSolution
		Debug|Any CPU = Debug|Any CPU
		Release|Any CPU = Release|Any CPU
	EndGlobalSection
	GlobalSection(ProjectConfigurationPlatforms) = postSolution
		{ECD6A62C-7A61-4B50-93DC-E046E36D16AB}.Debug|Any CPU.ActiveCfg = Debug|Any CPU
		{ECD6A62C-7A61-4B50-93DC-E046E36D16AB}.Debug|Any CPU.Build.0 = Debug|Any CPU
		{ECD6A62C-7A61-4B50-93DC-E046E36D16AB}.Release|Any CPU.ActiveCfg = Release|Any CPU
		{ECD6A62C-7A61-4B50-93DC-E046E36D16AB}.Release|Any CPU.Build.0 = Release|Any CPU
	EndGlobalSection
	GlobalSection(SolutionProperties) = preSolution
		HideSolutionNode = FALSE
	EndGlobalSection
	GlobalSection(ExtensibilityGlobals) = postSolution
		SolutionGuid = {C383591C-CEC4-4696-97DE-EF1EBCF096F8}
	EndGlobalSection
EndGlobal
